
Microsoft Visual Studio Solution File, Format Version 12.00
# Visual Studio Version 17
VisualStudioVersion = 17.4.33110.190
MinimumVisualStudioVersion = 10.0.40219.1
Project("{FAE04EC0-301F-11D3-BF4B-00C04F79EFBC}") = "SistemaVenta.Entity", "SistemaVenta.Entity\SistemaVenta.Entity.csproj", "{7DB07998-A656-49E3-8132-65EA40ED5644}"
EndProject
Project("{FAE04EC0-301F-11D3-BF4B-00C04F79EFBC}") = "SistemaVenta.DAL", "SistemaVenta.DAL\SistemaVenta.DAL.csproj", "{CF517DFD-526C-467C-9A87-21E6F66DA9A1}"
EndProject
Project("{FAE04EC0-301F-11D3-BF4B-00C04F79EFBC}") = "SistemaVenta.BLL", "SistemaVenta.BLL\SistemaVenta.BLL.csproj", "{27CE8A73-5118-4751-8A68-41799292AD24}"
EndProject
Project("{FAE04EC0-301F-11D3-BF4B-00C04F79EFBC}") = "SistemaVenta.IOC", "SistemaVenta.IOC\SistemaVenta.IOC.csproj", "{FC00D013-752F-4143-83E9-84A96379486E}"
EndProject
Project("{FAE04EC0-301F-11D3-BF4B-00C04F79EFBC}") = "SistemaVenta.AplicacionWeb", "SistemaVenta.AplicacionWeb\SistemaVenta.AplicacionWeb.csproj", "{3B504E9A-6036-49B1-830C-9489060C5BA7}"
EndProject
Global
	GlobalSection(SolutionConfigurationPlatforms) = preSolution
		Debug|Any CPU = Debug|Any CPU
		Release|Any CPU = Release|Any CPU
	EndGlobalSection
	GlobalSection(ProjectConfigurationPlatforms) = postSolution
		{7DB07998-A656-49E3-8132-65EA40ED5644}.Debug|Any CPU.ActiveCfg = Debug|Any CPU
		{7DB07998-A656-49E3-8132-65EA40ED5644}.Debug|Any CPU.Build.0 = Debug|Any CPU
		{7DB07998-A656-49E3-8132-65EA40ED5644}.Release|Any CPU.ActiveCfg = Release|Any CPU
		{7DB07998-A656-49E3-8132-65EA40ED5644}.Release|Any CPU.Build.0 = Release|Any CPU
		{CF517DFD-526C-467C-9A87-21E6F66DA9A1}.Debug|Any CPU.ActiveCfg = Debug|Any CPU
		{CF517DFD-526C-467C-9A87-21E6F66DA9A1}.Debug|Any CPU.Build.0 = Debug|Any CPU
		{CF517DFD-526C-467C-9A87-21E6F66DA9A1}.Release|Any CPU.ActiveCfg = Release|Any CPU
		{CF517DFD-526C-467C-9A87-21E6F66DA9A1}.Release|Any CPU.Build.0 = Release|Any CPU
		{27CE8A73-5118-4751-8A68-41799292AD24}.Debug|Any CPU.ActiveCfg = Debug|Any CPU
		{27CE8A73-5118-4751-8A68-41799292AD24}.Debug|Any CPU.Build.0 = Debug|Any CPU
		{27CE8A73-5118-4751-8A68-41799292AD24}.Release|Any CPU.ActiveCfg = Release|Any CPU
		{27CE8A73-5118-4751-8A68-41799292AD24}.Release|Any CPU.Build.0 = Release|Any CPU
		{FC00D013-752F-4143-83E9-84A96379486E}.Debug|Any CPU.ActiveCfg = Debug|Any CPU
		{FC00D013-752F-4143-83E9-84A96379486E}.Debug|Any CPU.Build.0 = Debug|Any CPU
		{FC00D013-752F-4143-83E9-84A96379486E}.Release|Any CPU.ActiveCfg = Release|Any CPU
		{FC00D013-752F-4143-83E9-84A96379486E}.Release|Any CPU.Build.0 = Release|Any CPU
		{3B504E9A-6036-49B1-830C-9489060C5BA7}.Debug|Any CPU.ActiveCfg = Debug|Any CPU
		{3B504E9A-6036-49B1-830C-9489060C5BA7}.Debug|Any CPU.Build.0 = Debug|Any CPU
		{3B504E9A-6036-49B1-830C-9489060C5BA7}.Release|Any CPU.ActiveCfg = Release|Any CPU
		{3B504E9A-6036-49B1-830C-9489060C5BA7}.Release|Any CPU.Build.0 = Release|Any CPU
	EndGlobalSection
	GlobalSection(SolutionProperties) = preSolution
		HideSolutionNode = FALSE
	EndGlobalSection
	GlobalSection(ExtensibilityGlobals) = postSolution
		SolutionGuid = {34F8AB66-1D37-42D1-95A2-D6C686CE1FCD}
	EndGlobalSection
EndGlobal
