
Microsoft Visual Studio Solution File, Format Version 12.00
# Visual Studio Version 17
VisualStudioVersion = 17.4.33110.190
MinimumVisualStudioVersion = 10.0.40219.1
Project("{FAE04EC0-301F-11D3-BF4B-00C04F79EFBC}") = "StringExample", "StringExample\StringExample.csproj", "{BF53D405-5C38-4DA6-B9F7-E1A33792A5F7}"
EndProject
Global
	GlobalSection(SolutionConfigurationPlatforms) = preSolution
		Debug|Any CPU = Debug|Any CPU
		Release|Any CPU = Release|Any CPU
	EndGlobalSection
	GlobalSection(ProjectConfigurationPlatforms) = postSolution
		{BF53D405-5C38-4DA6-B9F7-E1A33792A5F7}.Debug|Any CPU.ActiveCfg = Debug|Any CPU
		{BF53D405-5C38-4DA6-B9F7-E1A33792A5F7}.Debug|Any CPU.Build.0 = Debug|Any CPU
		{BF53D405-5C38-4DA6-B9F7-E1A33792A5F7}.Release|Any CPU.ActiveCfg = Release|Any CPU
		{BF53D405-5C38-4DA6-B9F7-E1A33792A5F7}.Release|Any CPU.Build.0 = Release|Any CPU
	EndGlobalSection
	GlobalSection(SolutionProperties) = preSolution
		HideSolutionNode = FALSE
	EndGlobalSection
	GlobalSection(ExtensibilityGlobals) = postSolution
		SolutionGuid = {4B81A2FE-1561-4F1A-9784-8F2532954290}
	EndGlobalSection
EndGlobal
